
Microsoft Visual Studio Solution File, Format Version 12.00
# Visual Studio Version 16
VisualStudioVersion = 16.0.29806.167
MinimumVisualStudioVersion = 10.0.40219.1
Project("{FAE04EC0-301F-11D3-BF4B-00C04F79EFBC}") = "SalesWebMvc", "SalesWebMvc\SalesWebMvc.csproj", "{95528ACA-8CDC-4D82-BE3A-0425A03A310B}"
EndProject
Global
	GlobalSection(SolutionConfigurationPlatforms) = preSolution
		Debug|Any CPU = Debug|Any CPU
		Release|Any CPU = Release|Any CPU
	EndGlobalSection
	GlobalSection(ProjectConfigurationPlatforms) = postSolution
		{95528ACA-8CDC-4D82-BE3A-0425A03A310B}.Debug|Any CPU.ActiveCfg = Debug|Any CPU
		{95528ACA-8CDC-4D82-BE3A-0425A03A310B}.Debug|Any CPU.Build.0 = Debug|Any CPU
		{95528ACA-8CDC-4D82-BE3A-0425A03A310B}.Release|Any CPU.ActiveCfg = Release|Any CPU
		{95528ACA-8CDC-4D82-BE3A-0425A03A310B}.Release|Any CPU.Build.0 = Release|Any CPU
	EndGlobalSection
	GlobalSection(SolutionProperties) = preSolution
		HideSolutionNode = FALSE
	EndGlobalSection
	GlobalSection(ExtensibilityGlobals) = postSolution
		SolutionGuid = {3CFF0513-4C08-4B5B-B752-F13BD129C46B}
	EndGlobalSection
EndGlobal
